
Microsoft Visual Studio Solution File, Format Version 12.00
# Visual Studio Version 17
VisualStudioVersion = 17.0.31912.275
MinimumVisualStudioVersion = 10.0.40219.1
Project("{FAE04EC0-301F-11D3-BF4B-00C04F79EFBC}") = "Apache.OpenWhisk.Tests.Dotnet", "Apache.OpenWhisk.Tests.Dotnet\Apache.OpenWhisk.Tests.Dotnet.csproj", "{3F28C777-656F-4926-BDDC-6D7735B561ED}"
EndProject
Global
	GlobalSection(SolutionConfigurationPlatforms) = preSolution
		Debug|Any CPU = Debug|Any CPU
		Release|Any CPU = Release|Any CPU
	EndGlobalSection
	GlobalSection(ProjectConfigurationPlatforms) = postSolution
		{3F28C777-656F-4926-BDDC-6D7735B561ED}.Debug|Any CPU.ActiveCfg = Debug|Any CPU
		{3F28C777-656F-4926-BDDC-6D7735B561ED}.Debug|Any CPU.Build.0 = Debug|Any CPU
		{3F28C777-656F-4926-BDDC-6D7735B561ED}.Release|Any CPU.ActiveCfg = Release|Any CPU
		{3F28C777-656F-4926-BDDC-6D7735B561ED}.Release|Any CPU.Build.0 = Release|Any CPU
	EndGlobalSection
	GlobalSection(SolutionProperties) = preSolution
		HideSolutionNode = FALSE
	EndGlobalSection
	GlobalSection(ExtensibilityGlobals) = postSolution
		SolutionGuid = {41670696-CEE1-420A-8F94-A7E6446FD3A8}
	EndGlobalSection
EndGlobal
