
Microsoft Visual Studio Solution File, Format Version 12.00
Project("{FAE04EC0-301F-11D3-BF4B-00C04F79EFBC}") = "Apache.OpenWhisk.Tests.Dotnet", "Apache.OpenWhisk.Tests.Dotnet\Apache.OpenWhisk.Tests.Dotnet.csproj", "{84C21ADE-CF95-4027-B478-DB5BA078178A}"
EndProject
Global
	GlobalSection(SolutionConfigurationPlatforms) = preSolution
		Debug|Any CPU = Debug|Any CPU
		Release|Any CPU = Release|Any CPU
	EndGlobalSection
	GlobalSection(ProjectConfigurationPlatforms) = postSolution
		{84C21ADE-CF95-4027-B478-DB5BA078178A}.Debug|Any CPU.ActiveCfg = Debug|Any CPU
		{84C21ADE-CF95-4027-B478-DB5BA078178A}.Debug|Any CPU.Build.0 = Debug|Any CPU
		{84C21ADE-CF95-4027-B478-DB5BA078178A}.Release|Any CPU.ActiveCfg = Release|Any CPU
		{84C21ADE-CF95-4027-B478-DB5BA078178A}.Release|Any CPU.Build.0 = Release|Any CPU
	EndGlobalSection
EndGlobal
